
Microsoft Visual Studio Solution File, Format Version 12.00
# Visual Studio Version 17
VisualStudioVersion = 17.0.31903.59
MinimumVisualStudioVersion = 10.0.40219.1
Project("{FAE04EC0-301F-11D3-BF4B-00C04F79EFBC}") = "warren.github.template.01.Website", "warren.github.template.01.Website\warren.github.template.01.Website.csproj", "{63E074AC-A7CE-415F-9F88-57CEAD0C39C6}"
EndProject
Project("{FAE04EC0-301F-11D3-BF4B-00C04F79EFBC}") = "warren.github.template.01", "warren.github.template.01\warren.github.template.01.csproj", "{31AB28C5-5139-458E-B749-C04DF33CB0FA}"
EndProject
Global
	GlobalSection(SolutionConfigurationPlatforms) = preSolution
		Debug|Any CPU = Debug|Any CPU
		Release|Any CPU = Release|Any CPU
	EndGlobalSection
	GlobalSection(SolutionProperties) = preSolution
		HideSolutionNode = FALSE
	EndGlobalSection
	GlobalSection(ProjectConfigurationPlatforms) = postSolution
		{63E074AC-A7CE-415F-9F88-57CEAD0C39C6}.Debug|Any CPU.ActiveCfg = Debug|Any CPU
		{63E074AC-A7CE-415F-9F88-57CEAD0C39C6}.Debug|Any CPU.Build.0 = Debug|Any CPU
		{63E074AC-A7CE-415F-9F88-57CEAD0C39C6}.Release|Any CPU.ActiveCfg = Release|Any CPU
		{63E074AC-A7CE-415F-9F88-57CEAD0C39C6}.Release|Any CPU.Build.0 = Release|Any CPU
		{31AB28C5-5139-458E-B749-C04DF33CB0FA}.Debug|Any CPU.ActiveCfg = Debug|Any CPU
		{31AB28C5-5139-458E-B749-C04DF33CB0FA}.Debug|Any CPU.Build.0 = Debug|Any CPU
		{31AB28C5-5139-458E-B749-C04DF33CB0FA}.Release|Any CPU.ActiveCfg = Release|Any CPU
		{31AB28C5-5139-458E-B749-C04DF33CB0FA}.Release|Any CPU.Build.0 = Release|Any CPU
	EndGlobalSection
EndGlobal
